
Microsoft Visual Studio Solution File, Format Version 12.00
# Visual Studio Version 17
VisualStudioVersion = 17.2.32526.322
MinimumVisualStudioVersion = 10.0.40219.1
Project("{8BC9CEB8-8B4A-11D0-8D11-00A0C91BC942}") = "Main", "Main\Main.vcxproj", "{2B57502A-C122-44D1-8233-929707978A89}"
	ProjectSection(ProjectDependencies) = postProject
		{105E7C31-B59C-466B-B77E-37169187C1FE} = {105E7C31-B59C-466B-B77E-37169187C1FE}
	EndProjectSection
EndProject
Project("{8BC9CEB8-8B4A-11D0-8D11-00A0C91BC942}") = "UnitTest", "UnitTest\UnitTest.vcxproj", "{EF76E503-262B-49CB-9ECE-5759D98221A1}"
	ProjectSection(ProjectDependencies) = postProject
		{2B57502A-C122-44D1-8233-929707978A89} = {2B57502A-C122-44D1-8233-929707978A89}
	EndProjectSection
EndProject
Project("{9A19103F-16F7-4668-BE54-9A1E7A4F7556}") = "CppClassExporter", "CppClassExporter\CppClassExporter.csproj", "{105E7C31-B59C-466B-B77E-37169187C1FE}"
EndProject
Global
	GlobalSection(SolutionConfigurationPlatforms) = preSolution
		Debug|Any CPU = Debug|Any CPU
		Debug|x64 = Debug|x64
		Debug|x86 = Debug|x86
		Release|Any CPU = Release|Any CPU
		Release|x64 = Release|x64
		Release|x86 = Release|x86
	EndGlobalSection
	GlobalSection(ProjectConfigurationPlatforms) = postSolution
		{2B57502A-C122-44D1-8233-929707978A89}.Debug|Any CPU.ActiveCfg = Debug|x64
		{2B57502A-C122-44D1-8233-929707978A89}.Debug|Any CPU.Build.0 = Debug|x64
		{2B57502A-C122-44D1-8233-929707978A89}.Debug|x64.ActiveCfg = Debug|x64
		{2B57502A-C122-44D1-8233-929707978A89}.Debug|x64.Build.0 = Debug|x64
		{2B57502A-C122-44D1-8233-929707978A89}.Debug|x86.ActiveCfg = Debug|Win32
		{2B57502A-C122-44D1-8233-929707978A89}.Debug|x86.Build.0 = Debug|Win32
		{2B57502A-C122-44D1-8233-929707978A89}.Release|Any CPU.ActiveCfg = Release|x64
		{2B57502A-C122-44D1-8233-929707978A89}.Release|Any CPU.Build.0 = Release|x64
		{2B57502A-C122-44D1-8233-929707978A89}.Release|x64.ActiveCfg = Release|x64
		{2B57502A-C122-44D1-8233-929707978A89}.Release|x64.Build.0 = Release|x64
		{2B57502A-C122-44D1-8233-929707978A89}.Release|x86.ActiveCfg = Release|Win32
		{2B57502A-C122-44D1-8233-929707978A89}.Release|x86.Build.0 = Release|Win32
		{EF76E503-262B-49CB-9ECE-5759D98221A1}.Debug|Any CPU.ActiveCfg = Debug|x64
		{EF76E503-262B-49CB-9ECE-5759D98221A1}.Debug|Any CPU.Build.0 = Debug|x64
		{EF76E503-262B-49CB-9ECE-5759D98221A1}.Debug|x64.ActiveCfg = Debug|x64
		{EF76E503-262B-49CB-9ECE-5759D98221A1}.Debug|x64.Build.0 = Debug|x64
		{EF76E503-262B-49CB-9ECE-5759D98221A1}.Debug|x86.ActiveCfg = Debug|Win32
		{EF76E503-262B-49CB-9ECE-5759D98221A1}.Debug|x86.Build.0 = Debug|Win32
		{EF76E503-262B-49CB-9ECE-5759D98221A1}.Release|Any CPU.ActiveCfg = Release|x64
		{EF76E503-262B-49CB-9ECE-5759D98221A1}.Release|Any CPU.Build.0 = Release|x64
		{EF76E503-262B-49CB-9ECE-5759D98221A1}.Release|x64.ActiveCfg = Release|x64
		{EF76E503-262B-49CB-9ECE-5759D98221A1}.Release|x64.Build.0 = Release|x64
		{EF76E503-262B-49CB-9ECE-5759D98221A1}.Release|x86.ActiveCfg = Release|Win32
		{EF76E503-262B-49CB-9ECE-5759D98221A1}.Release|x86.Build.0 = Release|Win32
		{105E7C31-B59C-466B-B77E-37169187C1FE}.Debug|Any CPU.ActiveCfg = Debug|Any CPU
		{105E7C31-B59C-466B-B77E-37169187C1FE}.Debug|Any CPU.Build.0 = Debug|Any CPU
		{105E7C31-B59C-466B-B77E-37169187C1FE}.Debug|x64.ActiveCfg = Debug|Any CPU
		{105E7C31-B59C-466B-B77E-37169187C1FE}.Debug|x64.Build.0 = Debug|Any CPU
		{105E7C31-B59C-466B-B77E-37169187C1FE}.Debug|x86.ActiveCfg = Debug|Any CPU
		{105E7C31-B59C-466B-B77E-37169187C1FE}.Debug|x86.Build.0 = Debug|Any CPU
		{105E7C31-B59C-466B-B77E-37169187C1FE}.Release|Any CPU.ActiveCfg = Release|Any CPU
		{105E7C31-B59C-466B-B77E-37169187C1FE}.Release|Any CPU.Build.0 = Release|Any CPU
		{105E7C31-B59C-466B-B77E-37169187C1FE}.Release|x64.ActiveCfg = Release|Any CPU
		{105E7C31-B59C-466B-B77E-37169187C1FE}.Release|x64.Build.0 = Release|Any CPU
		{105E7C31-B59C-466B-B77E-37169187C1FE}.Release|x86.ActiveCfg = Release|Any CPU
		{105E7C31-B59C-466B-B77E-37169187C1FE}.Release|x86.Build.0 = Release|Any CPU
	EndGlobalSection
	GlobalSection(SolutionProperties) = preSolution
		HideSolutionNode = FALSE
	EndGlobalSection
	GlobalSection(ExtensibilityGlobals) = postSolution
		SolutionGuid = {8B3BAA19-C5A9-4F4D-BA0E-76D3AAB01566}
	EndGlobalSection
EndGlobal
